// !$*UTF8*$!
{
	archiveVersion = 1;
	classes = {
	};
	objectVersion = 50;
	objects = {

/* Begin PBXBuildFile section */
		4322AC0D24566A360092077A /* AppDelegate.swift in Sources */ = {isa = PBXBuildFile; fileRef = 4322AC0C24566A360092077A /* AppDelegate.swift */; };
		4322AC0F24566A360092077A /* SceneDelegate.swift in Sources */ = {isa = PBXBuildFile; fileRef = 4322AC0E24566A360092077A /* SceneDelegate.swift */; };
		4322AC1124566A360092077A /* ViewController.swift in Sources */ = {isa = PBXBuildFile; fileRef = 4322AC1024566A360092077A /* ViewController.swift */; };
		4322AC1424566A360092077A /* Main.storyboard in Resources */ = {isa = PBXBuildFile; fileRef = 4322AC1224566A360092077A /* Main.storyboard */; };
		4322AC1624566A380092077A /* Assets.xcassets in Resources */ = {isa = PBXBuildFile; fileRef = 4322AC1524566A380092077A /* Assets.xcassets */; };
		4322AC1924566A380092077A /* LaunchScreen.storyboard in Resources */ = {isa = PBXBuildFile; fileRef = 4322AC1724566A380092077A /* LaunchScreen.storyboard */; };
		4322AC2424566A380092077A /* CleanSwiftPlaygroundTests.swift in Sources */ = {isa = PBXBuildFile; fileRef = 4322AC2324566A380092077A /* CleanSwiftPlaygroundTests.swift */; };
/* End PBXBuildFile section */

/* Begin PBXContainerItemProxy section */
		4322AC2024566A380092077A /* PBXContainerItemProxy */ = {
			isa = PBXContainerItemProxy;
			containerPortal = 4322AC0124566A360092077A /* Project object */;
			proxyType = 1;
			remoteGlobalIDString = 4322AC0824566A360092077A;
			remoteInfo = CleanSwiftPlayground;
		};
/* End PBXContainerItemProxy section */

/* Begin PBXFileReference section */
		4322AC0924566A360092077A /* CleanSwiftPlayground.app */ = {isa = PBXFileReference; explicitFileType = wrapper.application; includeInIndex = 0; path = CleanSwiftPlayground.app; sourceTree = BUILT_PRODUCTS_DIR; };
		4322AC0C24566A360092077A /* AppDelegate.swift */ = {isa = PBXFileReference; lastKnownFileType = sourcecode.swift; path = AppDelegate.swift; sourceTree = "<group>"; };
		4322AC0E24566A360092077A /* SceneDelegate.swift */ = {isa = PBXFileReference; lastKnownFileType = sourcecode.swift; path = SceneDelegate.swift; sourceTree = "<group>"; };
		4322AC1024566A360092077A /* ViewController.swift */ = {isa = PBXFileReference; lastKnownFileType = sourcecode.swift; path = ViewController.swift; sourceTree = "<group>"; };
		4322AC1324566A360092077A /* Base */ = {isa = PBXFileReference; lastKnownFileType = file.storyboard; name = Base; path = Base.lproj/Main.storyboard; sourceTree = "<group>"; };
		4322AC1524566A380092077A /* Assets.xcassets */ = {isa = PBXFileReference; lastKnownFileType = folder.assetcatalog; path = Assets.xcassets; sourceTree = "<group>"; };
		4322AC1824566A380092077A /* Base */ = {isa = PBXFileReference; lastKnownFileType = file.storyboard; name = Base; path = Base.lproj/LaunchScreen.storyboard; sourceTree = "<group>"; };
		4322AC1A24566A380092077A /* Info.plist */ = {isa = PBXFileReference; lastKnownFileType = text.plist.xml; path = Info.plist; sourceTree = "<group>"; };
		4322AC1F24566A380092077A /* CleanSwiftPlaygroundTests.xctest */ = {isa = PBXFileReference; explicitFileType = wrapper.cfbundle; includeInIndex = 0; path = CleanSwiftPlaygroundTests.xctest; sourceTree = BUILT_PRODUCTS_DIR; };
		4322AC2324566A380092077A /* CleanSwiftPlaygroundTests.swift */ = {isa = PBXFileReference; lastKnownFileType = sourcecode.swift; path = CleanSwiftPlaygroundTests.swift; sourceTree = "<group>"; };
		4322AC2524566A380092077A /* Info.plist */ = {isa = PBXFileReference; lastKnownFileType = text.plist.xml; path = Info.plist; sourceTree = "<group>"; };
/* End PBXFileReference section */

/* Begin PBXFrameworksBuildPhase section */
		4322AC0624566A360092077A /* Frameworks */ = {
			isa = PBXFrameworksBuildPhase;
			buildActionMask = 2147483647;
			files = (
			);
			runOnlyForDeploymentPostprocessing = 0;
		};
		4322AC1C24566A380092077A /* Frameworks */ = {
			isa = PBXFrameworksBuildPhase;
			buildActionMask = 2147483647;
			files = (
			);
			runOnlyForDeploymentPostprocessing = 0;
		};
/* End PBXFrameworksBuildPhase section */

/* Begin PBXGroup section */
		4322AC0024566A360092077A = {
			isa = PBXGroup;
			children = (
				4322AC0B24566A360092077A /* CleanSwiftPlayground */,
				4322AC2224566A380092077A /* CleanSwiftPlaygroundTests */,
				4322AC0A24566A360092077A /* Products */,
			);
			sourceTree = "<group>";
		};
		4322AC0A24566A360092077A /* Products */ = {
			isa = PBXGroup;
			children = (
				4322AC0924566A360092077A /* CleanSwiftPlayground.app */,
				4322AC1F24566A380092077A /* CleanSwiftPlaygroundTests.xctest */,
			);
			name = Products;
			sourceTree = "<group>";
		};
		4322AC0B24566A360092077A /* CleanSwiftPlayground */ = {
			isa = PBXGroup;
			children = (
				4322AC0C24566A360092077A /* AppDelegate.swift */,
				4322AC0E24566A360092077A /* SceneDelegate.swift */,
				4322AC1024566A360092077A /* ViewController.swift */,
				4322AC1224566A360092077A /* Main.storyboard */,
				4322AC1524566A380092077A /* Assets.xcassets */,
				4322AC1724566A380092077A /* LaunchScreen.storyboard */,
				4322AC1A24566A380092077A /* Info.plist */,
			);
			path = CleanSwiftPlayground;
			sourceTree = "<group>";
		};
		4322AC2224566A380092077A /* CleanSwiftPlaygroundTests */ = {
			isa = PBXGroup;
			children = (
				4322AC2324566A380092077A /* CleanSwiftPlaygroundTests.swift */,
				4322AC2524566A380092077A /* Info.plist */,
			);
			path = CleanSwiftPlaygroundTests;
			sourceTree = "<group>";
		};
/* End PBXGroup section */

/* Begin PBXNativeTarget section */
		4322AC0824566A360092077A /* CleanSwiftPlayground */ = {
			isa = PBXNativeTarget;
			buildConfigurationList = 4322AC2824566A380092077A /* Build configuration list for PBXNativeTarget "CleanSwiftPlayground" */;
			buildPhases = (
				4322AC0524566A360092077A /* Sources */,
				4322AC0624566A360092077A /* Frameworks */,
				4322AC0724566A360092077A /* Resources */,
			);
			buildRules = (
			);
			dependencies = (
			);
			name = CleanSwiftPlayground;
			productName = CleanSwiftPlayground;
			productReference = 4322AC0924566A360092077A /* CleanSwiftPlayground.app */;
			productType = "com.apple.product-type.application";
		};
		4322AC1E24566A380092077A /* CleanSwiftPlaygroundTests */ = {
			isa = PBXNativeTarget;
			buildConfigurationList = 4322AC2B24566A380092077A /* Build configuration list for PBXNativeTarget "CleanSwiftPlaygroundTests" */;
			buildPhases = (
				4322AC1B24566A380092077A /* Sources */,
				4322AC1C24566A380092077A /* Frameworks */,
				4322AC1D24566A380092077A /* Resources */,
			);
			buildRules = (
			);
			dependencies = (
				4322AC2124566A380092077A /* PBXTargetDependency */,
			);
			name = CleanSwiftPlaygroundTests;
			productName = CleanSwiftPlaygroundTests;
			productReference = 4322AC1F24566A380092077A /* CleanSwiftPlaygroundTests.xctest */;
			productType = "com.apple.product-type.bundle.unit-test";
		};
/* End PBXNativeTarget section */

/* Begin PBXProject section */
		4322AC0124566A360092077A /* Project object */ = {
			isa = PBXProject;
			attributes = {
				LastSwiftUpdateCheck = 1140;
				LastUpgradeCheck = 1140;
				ORGANIZATIONNAME = jhseo;
				TargetAttributes = {
					4322AC0824566A360092077A = {
						CreatedOnToolsVersion = 11.4;
					};
					4322AC1E24566A380092077A = {
						CreatedOnToolsVersion = 11.4;
						TestTargetID = 4322AC0824566A360092077A;
					};
				};
			};
			buildConfigurationList = 4322AC0424566A360092077A /* Build configuration list for PBXProject "CleanSwiftPlayground" */;
			compatibilityVersion = "Xcode 9.3";
			developmentRegion = en;
			hasScannedForEncodings = 0;
			knownRegions = (
				en,
				Base,
			);
			mainGroup = 4322AC0024566A360092077A;
			productRefGroup = 4322AC0A24566A360092077A /* Products */;
			projectDirPath = "";
			projectRoot = "";
			targets = (
				4322AC0824566A360092077A /* CleanSwiftPlayground */,
				4322AC1E24566A380092077A /* CleanSwiftPlaygroundTests */,
			);
		};
/* End PBXProject section */

/* Begin PBXResourcesBuildPhase section */
		4322AC0724566A360092077A /* Resources */ = {
			isa = PBXResourcesBuildPhase;
			buildActionMask = 2147483647;
			files = (
				4322AC1924566A380092077A /* LaunchScreen.storyboard in Resources */,
				4322AC1624566A380092077A /* Assets.xcassets in Resources */,
				4322AC1424566A360092077A /* Main.storyboard in Resources */,
			);
			runOnlyForDeploymentPostprocessing = 0;
		};
		4322AC1D24566A380092077A /* Resources */ = {
			isa = PBXResourcesBuildPhase;
			buildActionMask = 2147483647;
			files = (
			);
			runOnlyForDeploymentPostprocessing = 0;
		};
/* End PBXResourcesBuildPhase section */

/* Begin PBXSourcesBuildPhase section */
		4322AC0524566A360092077A /* Sources */ = {
			isa = PBXSourcesBuildPhase;
			buildActionMask = 2147483647;
			files = (
				4322AC1124566A360092077A /* ViewController.swift in Sources */,
				4322AC0D24566A360092077A /* AppDelegate.swift in Sources */,
				4322AC0F24566A360092077A /* SceneDelegate.swift in Sources */,
			);
			runOnlyForDeploymentPostprocessing = 0;
		};
		4322AC1B24566A380092077A /* Sources */ = {
			isa = PBXSourcesBuildPhase;
			buildActionMask = 2147483647;
			files = (
				4322AC2424566A380092077A /* CleanSwiftPlaygroundTests.swift in Sources */,
			);
			runOnlyForDeploymentPostprocessing = 0;
		};
/* End PBXSourcesBuildPhase section */

/* Begin PBXTargetDependency section */
		4322AC2124566A380092077A /* PBXTargetDependency */ = {
			isa = PBXTargetDependency;
			target = 4322AC0824566A360092077A /* CleanSwiftPlayground */;
			targetProxy = 4322AC2024566A380092077A /* PBXContainerItemProxy */;
		};
/* End PBXTargetDependency section */

/* Begin PBXVariantGroup section */
		4322AC1224566A360092077A /* Main.storyboard */ = {
			isa = PBXVariantGroup;
			children = (
				4322AC1324566A360092077A /* Base */,
			);
			name = Main.storyboard;
			sourceTree = "<group>";
		};
		4322AC1724566A380092077A /* LaunchScreen.storyboard */ = {
			isa = PBXVariantGroup;
			children = (
				4322AC1824566A380092077A /* Base */,
			);
			name = LaunchScreen.storyboard;
			sourceTree = "<group>";
		};
/* End PBXVariantGroup section */

/* Begin XCBuildConfiguration section */
		4322AC2624566A380092077A /* Debug */ = {
			isa = XCBuildConfiguration;
			buildSettings = {
				ALWAYS_SEARCH_USER_PATHS = NO;
				CLANG_ANALYZER_NONNULL = YES;
				CLANG_ANALYZER_NUMBER_OBJECT_CONVERSION = YES_AGGRESSIVE;
				CLANG_CXX_LANGUAGE_STANDARD = "gnu++14";
				CLANG_CXX_LIBRARY = "libc++";
				CLANG_ENABLE_MODULES = YES;
				CLANG_ENABLE_OBJC_ARC = YES;
				CLANG_ENABLE_OBJC_WEAK = YES;
				CLANG_WARN_BLOCK_CAPTURE_AUTORELEASING = YES;
				CLANG_WARN_BOOL_CONVERSION = YES;
				CLANG_WARN_COMMA = YES;
				CLANG_WARN_CONSTANT_CONVERSION = YES;
				CLANG_WARN_DEPRECATED_OBJC_IMPLEMENTATIONS = YES;
				CLANG_WARN_DIRECT_OBJC_ISA_USAGE = YES_ERROR;
				CLANG_WARN_DOCUMENTATION_COMMENTS = YES;
				CLANG_WARN_EMPTY_BODY = YES;
				CLANG_WARN_ENUM_CONVERSION = YES;
				CLANG_WARN_INFINITE_RECURSION = YES;
				CLANG_WARN_INT_CONVERSION = YES;
				CLANG_WARN_NON_LITERAL_NULL_CONVERSION = YES;
				CLANG_WARN_OBJC_IMPLICIT_RETAIN_SELF = YES;
				CLANG_WARN_OBJC_LITERAL_CONVERSION = YES;
				CLANG_WARN_OBJC_ROOT_CLASS = YES_ERROR;
				CLANG_WARN_RANGE_LOOP_ANALYSIS = YES;
				CLANG_WARN_STRICT_PROTOTYPES = YES;
				CLANG_WARN_SUSPICIOUS_MOVE = YES;
				CLANG_WARN_UNGUARDED_AVAILABILITY = YES_AGGRESSIVE;
				CLANG_WARN_UNREACHABLE_CODE = YES;
				CLANG_WARN__DUPLICATE_METHOD_MATCH = YES;
				COPY_PHASE_STRIP = NO;
				DEBUG_INFORMATION_FORMAT = dwarf;
				ENABLE_STRICT_OBJC_MSGSEND = YES;
				ENABLE_TESTABILITY = YES;
				GCC_C_LANGUAGE_STANDARD = gnu11;
				GCC_DYNAMIC_NO_PIC = NO;
				GCC_NO_COMMON_BLOCKS = YES;
				GCC_OPTIMIZATION_LEVEL = 0;
				GCC_PREPROCESSOR_DEFINITIONS = (
					"DEBUG=1",
					"$(inherited)",
				);
				GCC_WARN_64_TO_32_BIT_CONVERSION = YES;
				GCC_WARN_ABOUT_RETURN_TYPE = YES_ERROR;
				GCC_WARN_UNDECLARED_SELECTOR = YES;
				GCC_WARN_UNINITIALIZED_AUTOS = YES_AGGRESSIVE;
				GCC_WARN_UNUSED_FUNCTION = YES;
				GCC_WARN_UNUSED_VARIABLE = YES;
				IPHONEOS_DEPLOYMENT_TARGET = 13.4;
				MTL_ENABLE_DEBUG_INFO = INCLUDE_SOURCE;
				MTL_FAST_MATH = YES;
				ONLY_ACTIVE_ARCH = YES;
				SDKROOT = iphoneos;
				SWIFT_ACTIVE_COMPILATION_CONDITIONS = DEBUG;
				SWIFT_OPTIMIZATION_LEVEL = "-Onone";
			};
			name = Debug;
		};
		4322AC2724566A380092077A /* Release */ = {
			isa = XCBuildConfiguration;
			buildSettings = {
				ALWAYS_SEARCH_USER_PATHS = NO;
				CLANG_ANALYZER_NONNULL = YES;
				CLANG_ANALYZER_NUMBER_OBJECT_CONVERSION = YES_AGGRESSIVE;
				CLANG_CXX_LANGUAGE_STANDARD = "gnu++14";
				CLANG_CXX_LIBRARY = "libc++";
				CLANG_ENABLE_MODULES = YES;
				CLANG_ENABLE_OBJC_ARC = YES;
				CLANG_ENABLE_OBJC_WEAK = YES;
				CLANG_WARN_BLOCK_CAPTURE_AUTORELEASING = YES;
				CLANG_WARN_BOOL_CONVERSION = YES;
				CLANG_WARN_COMMA = YES;
				CLANG_WARN_CONSTANT_CONVERSION = YES;
				CLANG_WARN_DEPRECATED_OBJC_IMPLEMENTATIONS = YES;
				CLANG_WARN_DIRECT_OBJC_ISA_USAGE = YES_ERROR;
				CLANG_WARN_DOCUMENTATION_COMMENTS = YES;
				CLANG_WARN_EMPTY_BODY = YES;
				CLANG_WARN_ENUM_CONVERSION = YES;
				CLANG_WARN_INFINITE_RECURSION = YES;
				CLANG_WARN_INT_CONVERSION = YES;
				CLANG_WARN_NON_LITERAL_NULL_CONVERSION = YES;
				CLANG_WARN_OBJC_IMPLICIT_RETAIN_SELF = YES;
				CLANG_WARN_OBJC_LITERAL_CONVERSION = YES;
				CLANG_WARN_OBJC_ROOT_CLASS = YES_ERROR;
				CLANG_WARN_RANGE_LOOP_ANALYSIS = YES;
				CLANG_WARN_STRICT_PROTOTYPES = YES;
				CLANG_WARN_SUSPICIOUS_MOVE = YES;
				CLANG_WARN_UNGUARDED_AVAILABILITY = YES_AGGRESSIVE;
				CLANG_WARN_UNREACHABLE_CODE = YES;
				CLANG_WARN__DUPLICATE_METHOD_MATCH = YES;
				COPY_PHASE_STRIP = NO;
				DEBUG_INFORMATION_FORMAT = "dwarf-with-dsym";
				ENABLE_NS_ASSERTIONS = NO;
				ENABLE_STRICT_OBJC_MSGSEND = YES;
				GCC_C_LANGUAGE_STANDARD = gnu11;
				GCC_NO_COMMON_BLOCKS = YES;
				GCC_WARN_64_TO_32_BIT_CONVERSION = YES;
				GCC_WARN_ABOUT_RETURN_TYPE = YES_ERROR;
				GCC_WARN_UNDECLARED_SELECTOR = YES;
				GCC_WARN_UNINITIALIZED_AUTOS = YES_AGGRESSIVE;
				GCC_WARN_UNUSED_FUNCTION = YES;
				GCC_WARN_UNUSED_VARIABLE = YES;
				IPHONEOS_DEPLOYMENT_TARGET = 13.4;
				MTL_ENABLE_DEBUG_INFO = NO;
				MTL_FAST_MATH = YES;
				SDKROOT = iphoneos;
				SWIFT_COMPILATION_MODE = wholemodule;
				SWIFT_OPTIMIZATION_LEVEL = "-O";
				VALIDATE_PRODUCT = YES;
			};
			name = Release;
		};
		4322AC2924566A380092077A /* Debug */ = {
			isa = XCBuildConfiguration;
			buildSettings = {
				ASSETCATALOG_COMPILER_APPICON_NAME = AppIcon;
				CODE_SIGN_STYLE = Automatic;
				DEVELOPMENT_TEAM = 936JHHB5Z3;
				INFOPLIST_FILE = CleanSwiftPlayground/Info.plist;
				LD_RUNPATH_SEARCH_PATHS = (
					"$(inherited)",
					"@executable_path/Frameworks",
				);
				PRODUCT_BUNDLE_IDENTIFIER = com.jhseo.CleanSwiftPlayground;
				PRODUCT_NAME = "$(TARGET_NAME)";
				SWIFT_VERSION = 5.0;
				TARGETED_DEVICE_FAMILY = "1,2";
			};
			name = Debug;
		};
		4322AC2A24566A380092077A /* Release */ = {
			isa = XCBuildConfiguration;
			buildSettings = {
				ASSETCATALOG_COMPILER_APPICON_NAME = AppIcon;
				CODE_SIGN_STYLE = Automatic;
				DEVELOPMENT_TEAM = 936JHHB5Z3;
				INFOPLIST_FILE = CleanSwiftPlayground/Info.plist;
				LD_RUNPATH_SEARCH_PATHS = (
					"$(inherited)",
					"@executable_path/Frameworks",
				);
				PRODUCT_BUNDLE_IDENTIFIER = com.jhseo.CleanSwiftPlayground;
				PRODUCT_NAME = "$(TARGET_NAME)";
				SWIFT_VERSION = 5.0;
				TARGETED_DEVICE_FAMILY = "1,2";
			};
			name = Release;
		};
		4322AC2C24566A380092077A /* Debug */ = {
			isa = XCBuildConfiguration;
			buildSettings = {
				ALWAYS_EMBED_SWIFT_STANDARD_LIBRARIES = YES;
				BUNDLE_LOADER = "$(TEST_HOST)";
				CODE_SIGN_STYLE = Automatic;
				DEVELOPMENT_TEAM = 936JHHB5Z3;
				INFOPLIST_FILE = CleanSwiftPlaygroundTests/Info.plist;
				IPHONEOS_DEPLOYMENT_TARGET = 13.4;
				LD_RUNPATH_SEARCH_PATHS = (
					"$(inherited)",
					"@executable_path/Frameworks",
					"@loader_path/Frameworks",
				);
				PRODUCT_BUNDLE_IDENTIFIER = com.jhseo.CleanSwiftPlaygroundTests;
				PRODUCT_NAME = "$(TARGET_NAME)";
				SWIFT_VERSION = 5.0;
				TARGETED_DEVICE_FAMILY = "1,2";
				TEST_HOST = "$(BUILT_PRODUCTS_DIR)/CleanSwiftPlayground.app/CleanSwiftPlayground";
			};
			name = Debug;
		};
		4322AC2D24566A380092077A /* Release */ = {
			isa = XCBuildConfiguration;
			buildSettings = {
				ALWAYS_EMBED_SWIFT_STANDARD_LIBRARIES = YES;
				BUNDLE_LOADER = "$(TEST_HOST)";
				CODE_SIGN_STYLE = Automatic;
				DEVELOPMENT_TEAM = 936JHHB5Z3;
				INFOPLIST_FILE = CleanSwiftPlaygroundTests/Info.plist;
				IPHONEOS_DEPLOYMENT_TARGET = 13.4;
				LD_RUNPATH_SEARCH_PATHS = (
					"$(inherited)",
					"@executable_path/Frameworks",
					"@loader_path/Frameworks",
				);
				PRODUCT_BUNDLE_IDENTIFIER = com.jhseo.CleanSwiftPlaygroundTests;
				PRODUCT_NAME = "$(TARGET_NAME)";
				SWIFT_VERSION = 5.0;
				TARGETED_DEVICE_FAMILY = "1,2";
				TEST_HOST = "$(BUILT_PRODUCTS_DIR)/CleanSwiftPlayground.app/CleanSwiftPlayground";
			};
			name = Release;
		};
/* End XCBuildConfiguration section */

/* Begin XCConfigurationList section */
		4322AC0424566A360092077A /* Build configuration list for PBXProject "CleanSwiftPlayground" */ = {
			isa = XCConfigurationList;
			buildConfigurations = (
				4322AC2624566A380092077A /* Debug */,
				4322AC2724566A380092077A /* Release */,
			);
			defaultConfigurationIsVisible = 0;
			defaultConfigurationName = Release;
		};
		4322AC2824566A380092077A /* Build configuration list for PBXNativeTarget "CleanSwiftPlayground" */ = {
			isa = XCConfigurationList;
			buildConfigurations = (
				4322AC2924566A380092077A /* Debug */,
				4322AC2A24566A380092077A /* Release */,
			);
			defaultConfigurationIsVisible = 0;
			defaultConfigurationName = Release;
		};
		4322AC2B24566A380092077A /* Build configuration list for PBXNativeTarget "CleanSwiftPlaygroundTests" */ = {
			isa = XCConfigurationList;
			buildConfigurations = (
				4322AC2C24566A380092077A /* Debug */,
				4322AC2D24566A380092077A /* Release */,
			);
			defaultConfigurationIsVisible = 0;
			defaultConfigurationName = Release;
		};
/* End XCConfigurationList section */
	};
	rootObject = 4322AC0124566A360092077A /* Project object */;
}
